// !$*UTF8*$!
{
	archiveVersion = 1;
	classes = {
	};
	objectVersion = 50;
	objects = {

/* Begin PBXBuildFile section */
		4C3E776E24F6AE2F00F65255 /* CategoryCollectionView.storyboard in Resources */ = {isa = PBXBuildFile; fileRef = 4C3E776D24F6AE2F00F65255 /* CategoryCollectionView.storyboard */; };
		4C3E777224F6AF1100F65255 /* FavoriteCollectionView.storyboard in Resources */ = {isa = PBXBuildFile; fileRef = 4C3E777124F6AF1100F65255 /* FavoriteCollectionView.storyboard */; };
		4C3E777424F6AF3200F65255 /* HistoryView.storyboard in Resources */ = {isa = PBXBuildFile; fileRef = 4C3E777324F6AF3200F65255 /* HistoryView.storyboard */; };
		4C3E777624F6AF5D00F65255 /* SettingView.storyboard in Resources */ = {isa = PBXBuildFile; fileRef = 4C3E777524F6AF5D00F65255 /* SettingView.storyboard */; };
		4CECFCF924F2B157002A60B6 /* AppDelegate.swift in Sources */ = {isa = PBXBuildFile; fileRef = 4CECFCF824F2B157002A60B6 /* AppDelegate.swift */; };
		4CECFCFB24F2B157002A60B6 /* SceneDelegate.swift in Sources */ = {isa = PBXBuildFile; fileRef = 4CECFCFA24F2B157002A60B6 /* SceneDelegate.swift */; };
		4CECFCFD24F2B157002A60B6 /* ViewController.swift in Sources */ = {isa = PBXBuildFile; fileRef = 4CECFCFC24F2B157002A60B6 /* ViewController.swift */; };
		4CECFD0024F2B157002A60B6 /* Main.storyboard in Resources */ = {isa = PBXBuildFile; fileRef = 4CECFCFE24F2B157002A60B6 /* Main.storyboard */; };
		4CECFD0224F2B158002A60B6 /* Assets.xcassets in Resources */ = {isa = PBXBuildFile; fileRef = 4CECFD0124F2B158002A60B6 /* Assets.xcassets */; };
		4CECFD0524F2B158002A60B6 /* LaunchScreen.storyboard in Resources */ = {isa = PBXBuildFile; fileRef = 4CECFD0324F2B158002A60B6 /* LaunchScreen.storyboard */; };
/* End PBXBuildFile section */

/* Begin PBXFileReference section */
		4C3E776D24F6AE2F00F65255 /* CategoryCollectionView.storyboard */ = {isa = PBXFileReference; lastKnownFileType = file.storyboard; path = CategoryCollectionView.storyboard; sourceTree = "<group>"; };
		4C3E777124F6AF1100F65255 /* FavoriteCollectionView.storyboard */ = {isa = PBXFileReference; lastKnownFileType = file.storyboard; path = FavoriteCollectionView.storyboard; sourceTree = "<group>"; };
		4C3E777324F6AF3200F65255 /* HistoryView.storyboard */ = {isa = PBXFileReference; lastKnownFileType = file.storyboard; path = HistoryView.storyboard; sourceTree = "<group>"; };
		4C3E777524F6AF5D00F65255 /* SettingView.storyboard */ = {isa = PBXFileReference; lastKnownFileType = file.storyboard; path = SettingView.storyboard; sourceTree = "<group>"; };
		4CECFCF524F2B157002A60B6 /* RecommendRecipe.app */ = {isa = PBXFileReference; explicitFileType = wrapper.application; includeInIndex = 0; path = RecommendRecipe.app; sourceTree = BUILT_PRODUCTS_DIR; };
		4CECFCF824F2B157002A60B6 /* AppDelegate.swift */ = {isa = PBXFileReference; lastKnownFileType = sourcecode.swift; path = AppDelegate.swift; sourceTree = "<group>"; };
		4CECFCFA24F2B157002A60B6 /* SceneDelegate.swift */ = {isa = PBXFileReference; lastKnownFileType = sourcecode.swift; path = SceneDelegate.swift; sourceTree = "<group>"; };
		4CECFCFC24F2B157002A60B6 /* ViewController.swift */ = {isa = PBXFileReference; lastKnownFileType = sourcecode.swift; path = ViewController.swift; sourceTree = "<group>"; };
		4CECFCFF24F2B157002A60B6 /* Base */ = {isa = PBXFileReference; lastKnownFileType = file.storyboard; name = Base; path = Base.lproj/Main.storyboard; sourceTree = "<group>"; };
		4CECFD0124F2B158002A60B6 /* Assets.xcassets */ = {isa = PBXFileReference; lastKnownFileType = folder.assetcatalog; path = Assets.xcassets; sourceTree = "<group>"; };
		4CECFD0424F2B158002A60B6 /* Base */ = {isa = PBXFileReference; lastKnownFileType = file.storyboard; name = Base; path = Base.lproj/LaunchScreen.storyboard; sourceTree = "<group>"; };
		4CECFD0624F2B158002A60B6 /* Info.plist */ = {isa = PBXFileReference; lastKnownFileType = text.plist.xml; path = Info.plist; sourceTree = "<group>"; };
/* End PBXFileReference section */

/* Begin PBXFrameworksBuildPhase section */
		4CECFCF224F2B157002A60B6 /* Frameworks */ = {
			isa = PBXFrameworksBuildPhase;
			buildActionMask = 2147483647;
			files = (
			);
			runOnlyForDeploymentPostprocessing = 0;
		};
/* End PBXFrameworksBuildPhase section */

/* Begin PBXGroup section */
		4C3E776B24F6AC2400F65255 /* Models */ = {
			isa = PBXGroup;
			children = (
			);
			path = Models;
			sourceTree = "<group>";
		};
		4C3E776C24F6AC3000F65255 /* Resource */ = {
			isa = PBXGroup;
			children = (
				4CECFD0124F2B158002A60B6 /* Assets.xcassets */,
			);
			path = Resource;
			sourceTree = "<group>";
		};
		4C7E712424F6A98F00F206F0 /* CategorySelectView */ = {
			isa = PBXGroup;
			children = (
				4C3E776D24F6AE2F00F65255 /* CategoryCollectionView.storyboard */,
			);
			path = CategorySelectView;
			sourceTree = "<group>";
		};
		4C7E712524F6AA3400F206F0 /* SettingView */ = {
			isa = PBXGroup;
			children = (
				4C3E777524F6AF5D00F65255 /* SettingView.storyboard */,
			);
			path = SettingView;
			sourceTree = "<group>";
		};
		4C7E712624F6AA3C00F206F0 /* HistoryView */ = {
			isa = PBXGroup;
			children = (
				4C3E777324F6AF3200F65255 /* HistoryView.storyboard */,
			);
			path = HistoryView;
			sourceTree = "<group>";
		};
		4C7E712724F6AA5000F206F0 /* FavoriteView */ = {
			isa = PBXGroup;
			children = (
				4C3E777124F6AF1100F65255 /* FavoriteCollectionView.storyboard */,
			);
			path = FavoriteView;
			sourceTree = "<group>";
		};
		4CECFCEC24F2B157002A60B6 = {
			isa = PBXGroup;
			children = (
				4CECFCF724F2B157002A60B6 /* RecommendRecipe */,
				4CECFCF624F2B157002A60B6 /* Products */,
			);
			sourceTree = "<group>";
		};
		4CECFCF624F2B157002A60B6 /* Products */ = {
			isa = PBXGroup;
			children = (
				4CECFCF524F2B157002A60B6 /* RecommendRecipe.app */,
			);
			name = Products;
			sourceTree = "<group>";
		};
		4CECFCF724F2B157002A60B6 /* RecommendRecipe */ = {
			isa = PBXGroup;
			children = (
				4C3E776C24F6AC3000F65255 /* Resource */,
				4C3E776B24F6AC2400F65255 /* Models */,
				4C7E712424F6A98F00F206F0 /* CategorySelectView */,
				4C7E712724F6AA5000F206F0 /* FavoriteView */,
				4C7E712624F6AA3C00F206F0 /* HistoryView */,
				4C7E712524F6AA3400F206F0 /* SettingView */,
				4CECFCF824F2B157002A60B6 /* AppDelegate.swift */,
				4CECFCFA24F2B157002A60B6 /* SceneDelegate.swift */,
				4CECFCFC24F2B157002A60B6 /* ViewController.swift */,
				4CECFCFE24F2B157002A60B6 /* Main.storyboard */,
				4CECFD0324F2B158002A60B6 /* LaunchScreen.storyboard */,
				4CECFD0624F2B158002A60B6 /* Info.plist */,
			);
			path = RecommendRecipe;
			sourceTree = "<group>";
		};
/* End PBXGroup section */

/* Begin PBXNativeTarget section */
		4CECFCF424F2B157002A60B6 /* RecommendRecipe */ = {
			isa = PBXNativeTarget;
			buildConfigurationList = 4CECFD0924F2B158002A60B6 /* Build configuration list for PBXNativeTarget "RecommendRecipe" */;
			buildPhases = (
				4CECFCF124F2B157002A60B6 /* Sources */,
				4CECFCF224F2B157002A60B6 /* Frameworks */,
				4CECFCF324F2B157002A60B6 /* Resources */,
			);
			buildRules = (
			);
			dependencies = (
			);
			name = RecommendRecipe;
			productName = RecommendRecipe;
			productReference = 4CECFCF524F2B157002A60B6 /* RecommendRecipe.app */;
			productType = "com.apple.product-type.application";
		};
/* End PBXNativeTarget section */

/* Begin PBXProject section */
		4CECFCED24F2B157002A60B6 /* Project object */ = {
			isa = PBXProject;
			attributes = {
				LastSwiftUpdateCheck = 1150;
				LastUpgradeCheck = 1150;
				ORGANIZATIONNAME = Miyanaga;
				TargetAttributes = {
					4CECFCF424F2B157002A60B6 = {
						CreatedOnToolsVersion = 11.5;
					};
				};
			};
			buildConfigurationList = 4CECFCF024F2B157002A60B6 /* Build configuration list for PBXProject "RecommendRecipe" */;
			compatibilityVersion = "Xcode 9.3";
			developmentRegion = en;
			hasScannedForEncodings = 0;
			knownRegions = (
				en,
				Base,
			);
			mainGroup = 4CECFCEC24F2B157002A60B6;
			productRefGroup = 4CECFCF624F2B157002A60B6 /* Products */;
			projectDirPath = "";
			projectRoot = "";
			targets = (
				4CECFCF424F2B157002A60B6 /* RecommendRecipe */,
			);
		};
/* End PBXProject section */

/* Begin PBXResourcesBuildPhase section */
		4CECFCF324F2B157002A60B6 /* Resources */ = {
			isa = PBXResourcesBuildPhase;
			buildActionMask = 2147483647;
			files = (
				4CECFD0524F2B158002A60B6 /* LaunchScreen.storyboard in Resources */,
				4CECFD0224F2B158002A60B6 /* Assets.xcassets in Resources */,
				4CECFD0024F2B157002A60B6 /* Main.storyboard in Resources */,
				4C3E777224F6AF1100F65255 /* FavoriteCollectionView.storyboard in Resources */,
				4C3E776E24F6AE2F00F65255 /* CategoryCollectionView.storyboard in Resources */,
				4C3E777424F6AF3200F65255 /* HistoryView.storyboard in Resources */,
				4C3E777624F6AF5D00F65255 /* SettingView.storyboard in Resources */,
			);
			runOnlyForDeploymentPostprocessing = 0;
		};
/* End PBXResourcesBuildPhase section */

/* Begin PBXSourcesBuildPhase section */
		4CECFCF124F2B157002A60B6 /* Sources */ = {
			isa = PBXSourcesBuildPhase;
			buildActionMask = 2147483647;
			files = (
				4CECFCFD24F2B157002A60B6 /* ViewController.swift in Sources */,
				4CECFCF924F2B157002A60B6 /* AppDelegate.swift in Sources */,
				4CECFCFB24F2B157002A60B6 /* SceneDelegate.swift in Sources */,
			);
			runOnlyForDeploymentPostprocessing = 0;
		};
/* End PBXSourcesBuildPhase section */

/* Begin PBXVariantGroup section */
		4CECFCFE24F2B157002A60B6 /* Main.storyboard */ = {
			isa = PBXVariantGroup;
			children = (
				4CECFCFF24F2B157002A60B6 /* Base */,
			);
			name = Main.storyboard;
			sourceTree = "<group>";
		};
		4CECFD0324F2B158002A60B6 /* LaunchScreen.storyboard */ = {
			isa = PBXVariantGroup;
			children = (
				4CECFD0424F2B158002A60B6 /* Base */,
			);
			name = LaunchScreen.storyboard;
			sourceTree = "<group>";
		};
/* End PBXVariantGroup section */

/* Begin XCBuildConfiguration section */
		4CECFD0724F2B158002A60B6 /* Debug */ = {
			isa = XCBuildConfiguration;
			buildSettings = {
				ALWAYS_SEARCH_USER_PATHS = NO;
				CLANG_ANALYZER_NONNULL = YES;
				CLANG_ANALYZER_NUMBER_OBJECT_CONVERSION = YES_AGGRESSIVE;
				CLANG_CXX_LANGUAGE_STANDARD = "gnu++14";
				CLANG_CXX_LIBRARY = "libc++";
				CLANG_ENABLE_MODULES = YES;
				CLANG_ENABLE_OBJC_ARC = YES;
				CLANG_ENABLE_OBJC_WEAK = YES;
				CLANG_WARN_BLOCK_CAPTURE_AUTORELEASING = YES;
				CLANG_WARN_BOOL_CONVERSION = YES;
				CLANG_WARN_COMMA = YES;
				CLANG_WARN_CONSTANT_CONVERSION = YES;
				CLANG_WARN_DEPRECATED_OBJC_IMPLEMENTATIONS = YES;
				CLANG_WARN_DIRECT_OBJC_ISA_USAGE = YES_ERROR;
				CLANG_WARN_DOCUMENTATION_COMMENTS = YES;
				CLANG_WARN_EMPTY_BODY = YES;
				CLANG_WARN_ENUM_CONVERSION = YES;
				CLANG_WARN_INFINITE_RECURSION = YES;
				CLANG_WARN_INT_CONVERSION = YES;
				CLANG_WARN_NON_LITERAL_NULL_CONVERSION = YES;
				CLANG_WARN_OBJC_IMPLICIT_RETAIN_SELF = YES;
				CLANG_WARN_OBJC_LITERAL_CONVERSION = YES;
				CLANG_WARN_OBJC_ROOT_CLASS = YES_ERROR;
				CLANG_WARN_RANGE_LOOP_ANALYSIS = YES;
				CLANG_WARN_STRICT_PROTOTYPES = YES;
				CLANG_WARN_SUSPICIOUS_MOVE = YES;
				CLANG_WARN_UNGUARDED_AVAILABILITY = YES_AGGRESSIVE;
				CLANG_WARN_UNREACHABLE_CODE = YES;
				CLANG_WARN__DUPLICATE_METHOD_MATCH = YES;
				COPY_PHASE_STRIP = NO;
				DEBUG_INFORMATION_FORMAT = dwarf;
				ENABLE_STRICT_OBJC_MSGSEND = YES;
				ENABLE_TESTABILITY = YES;
				GCC_C_LANGUAGE_STANDARD = gnu11;
				GCC_DYNAMIC_NO_PIC = NO;
				GCC_NO_COMMON_BLOCKS = YES;
				GCC_OPTIMIZATION_LEVEL = 0;
				GCC_PREPROCESSOR_DEFINITIONS = (
					"DEBUG=1",
					"$(inherited)",
				);
				GCC_WARN_64_TO_32_BIT_CONVERSION = YES;
				GCC_WARN_ABOUT_RETURN_TYPE = YES_ERROR;
				GCC_WARN_UNDECLARED_SELECTOR = YES;
				GCC_WARN_UNINITIALIZED_AUTOS = YES_AGGRESSIVE;
				GCC_WARN_UNUSED_FUNCTION = YES;
				GCC_WARN_UNUSED_VARIABLE = YES;
				IPHONEOS_DEPLOYMENT_TARGET = 13.5;
				MTL_ENABLE_DEBUG_INFO = INCLUDE_SOURCE;
				MTL_FAST_MATH = YES;
				ONLY_ACTIVE_ARCH = YES;
				SDKROOT = iphoneos;
				SWIFT_ACTIVE_COMPILATION_CONDITIONS = DEBUG;
				SWIFT_OPTIMIZATION_LEVEL = "-Onone";
			};
			name = Debug;
		};
		4CECFD0824F2B158002A60B6 /* Release */ = {
			isa = XCBuildConfiguration;
			buildSettings = {
				ALWAYS_SEARCH_USER_PATHS = NO;
				CLANG_ANALYZER_NONNULL = YES;
				CLANG_ANALYZER_NUMBER_OBJECT_CONVERSION = YES_AGGRESSIVE;
				CLANG_CXX_LANGUAGE_STANDARD = "gnu++14";
				CLANG_CXX_LIBRARY = "libc++";
				CLANG_ENABLE_MODULES = YES;
				CLANG_ENABLE_OBJC_ARC = YES;
				CLANG_ENABLE_OBJC_WEAK = YES;
				CLANG_WARN_BLOCK_CAPTURE_AUTORELEASING = YES;
				CLANG_WARN_BOOL_CONVERSION = YES;
				CLANG_WARN_COMMA = YES;
				CLANG_WARN_CONSTANT_CONVERSION = YES;
				CLANG_WARN_DEPRECATED_OBJC_IMPLEMENTATIONS = YES;
				CLANG_WARN_DIRECT_OBJC_ISA_USAGE = YES_ERROR;
				CLANG_WARN_DOCUMENTATION_COMMENTS = YES;
				CLANG_WARN_EMPTY_BODY = YES;
				CLANG_WARN_ENUM_CONVERSION = YES;
				CLANG_WARN_INFINITE_RECURSION = YES;
				CLANG_WARN_INT_CONVERSION = YES;
				CLANG_WARN_NON_LITERAL_NULL_CONVERSION = YES;
				CLANG_WARN_OBJC_IMPLICIT_RETAIN_SELF = YES;
				CLANG_WARN_OBJC_LITERAL_CONVERSION = YES;
				CLANG_WARN_OBJC_ROOT_CLASS = YES_ERROR;
				CLANG_WARN_RANGE_LOOP_ANALYSIS = YES;
				CLANG_WARN_STRICT_PROTOTYPES = YES;
				CLANG_WARN_SUSPICIOUS_MOVE = YES;
				CLANG_WARN_UNGUARDED_AVAILABILITY = YES_AGGRESSIVE;
				CLANG_WARN_UNREACHABLE_CODE = YES;
				CLANG_WARN__DUPLICATE_METHOD_MATCH = YES;
				COPY_PHASE_STRIP = NO;
				DEBUG_INFORMATION_FORMAT = "dwarf-with-dsym";
				ENABLE_NS_ASSERTIONS = NO;
				ENABLE_STRICT_OBJC_MSGSEND = YES;
				GCC_C_LANGUAGE_STANDARD = gnu11;
				GCC_NO_COMMON_BLOCKS = YES;
				GCC_WARN_64_TO_32_BIT_CONVERSION = YES;
				GCC_WARN_ABOUT_RETURN_TYPE = YES_ERROR;
				GCC_WARN_UNDECLARED_SELECTOR = YES;
				GCC_WARN_UNINITIALIZED_AUTOS = YES_AGGRESSIVE;
				GCC_WARN_UNUSED_FUNCTION = YES;
				GCC_WARN_UNUSED_VARIABLE = YES;
				IPHONEOS_DEPLOYMENT_TARGET = 13.5;
				MTL_ENABLE_DEBUG_INFO = NO;
				MTL_FAST_MATH = YES;
				SDKROOT = iphoneos;
				SWIFT_COMPILATION_MODE = wholemodule;
				SWIFT_OPTIMIZATION_LEVEL = "-O";
				VALIDATE_PRODUCT = YES;
			};
			name = Release;
		};
		4CECFD0A24F2B158002A60B6 /* Debug */ = {
			isa = XCBuildConfiguration;
			buildSettings = {
				ASSETCATALOG_COMPILER_APPICON_NAME = AppIcon;
				CODE_SIGN_STYLE = Automatic;
				DEVELOPMENT_TEAM = 5KMQ5NHA3R;
				INFOPLIST_FILE = RecommendRecipe/Info.plist;
				LD_RUNPATH_SEARCH_PATHS = (
					"$(inherited)",
					"@executable_path/Frameworks",
				);
				PRODUCT_BUNDLE_IDENTIFIER = com.gmail.nagasumiyuyake.RecommendRecipe;
				PRODUCT_NAME = "$(TARGET_NAME)";
				SWIFT_VERSION = 5.0;
				TARGETED_DEVICE_FAMILY = "1,2";
			};
			name = Debug;
		};
		4CECFD0B24F2B158002A60B6 /* Release */ = {
			isa = XCBuildConfiguration;
			buildSettings = {
				ASSETCATALOG_COMPILER_APPICON_NAME = AppIcon;
				CODE_SIGN_STYLE = Automatic;
				DEVELOPMENT_TEAM = 5KMQ5NHA3R;
				INFOPLIST_FILE = RecommendRecipe/Info.plist;
				LD_RUNPATH_SEARCH_PATHS = (
					"$(inherited)",
					"@executable_path/Frameworks",
				);
				PRODUCT_BUNDLE_IDENTIFIER = com.gmail.nagasumiyuyake.RecommendRecipe;
				PRODUCT_NAME = "$(TARGET_NAME)";
				SWIFT_VERSION = 5.0;
				TARGETED_DEVICE_FAMILY = "1,2";
			};
			name = Release;
		};
/* End XCBuildConfiguration section */

/* Begin XCConfigurationList section */
		4CECFCF024F2B157002A60B6 /* Build configuration list for PBXProject "RecommendRecipe" */ = {
			isa = XCConfigurationList;
			buildConfigurations = (
				4CECFD0724F2B158002A60B6 /* Debug */,
				4CECFD0824F2B158002A60B6 /* Release */,
			);
			defaultConfigurationIsVisible = 0;
			defaultConfigurationName = Release;
		};
		4CECFD0924F2B158002A60B6 /* Build configuration list for PBXNativeTarget "RecommendRecipe" */ = {
			isa = XCConfigurationList;
			buildConfigurations = (
				4CECFD0A24F2B158002A60B6 /* Debug */,
				4CECFD0B24F2B158002A60B6 /* Release */,
			);
			defaultConfigurationIsVisible = 0;
			defaultConfigurationName = Release;
		};
/* End XCConfigurationList section */
	};
	rootObject = 4CECFCED24F2B157002A60B6 /* Project object */;
}
